<Solution>
  <Project Path="Scadex.Business/Scadex.Business.csproj" />
  <Project Path="Scadex.Core/Scadex.Core.csproj" />
  <Project Path="Scadex.DataAccess/Scadex.DataAccess.csproj" />
  <Project Path="Scadex.Model/Scadex.Model.csproj" />
  <Project Path="Scadex.WebAPI/Scadex.WebAPI.csproj" />
</Solution>
